uuid: d4709fe5-1524-4797-b8f3-88fe2df29f7b
langcode: en
status: true
dependencies:
  module:
    - loyalist_core
    - system
  theme:
    - the_loyalist_collection
id: the_loyalist_collection_loyalistblogbannerblock
theme: the_loyalist_collection
region: breadcrumb
weight: -5
provider: null
plugin: loyalist_blog_banner
settings:
  id: loyalist_blog_banner
  label: 'Loyalist Blog Banner block'
  label_display: '0'
  provider: loyalist_core
visibility:
  request_path:
    id: request_path
    negate: false
    pages: '/atlantic-loyalist-connections*'
